
Microsoft Visual Studio Solution File, Format Version 12.00
# Visual Studio Version 16
VisualStudioVersion = 16.0.30711.63
MinimumVisualStudioVersion = 10.0.40219.1
Project("{9092AA53-FB77-4645-B42D-1CCCA6BD08BD}") = "Bruh lab 1.1", "Bruh lab 1.1\Bruh lab 1.1.njsproj", "{D4CEADA0-F8FD-4F9E-99AF-E31AE980A44E}"
EndProject
Global
	GlobalSection(SolutionConfigurationPlatforms) = preSolution
		Debug|Any CPU = Debug|Any CPU
		Release|Any CPU = Release|Any CPU
	EndGlobalSection
	GlobalSection(ProjectConfigurationPlatforms) = postSolution
		{D4CEADA0-F8FD-4F9E-99AF-E31AE980A44E}.Debug|Any CPU.ActiveCfg = Debug|Any CPU
		{D4CEADA0-F8FD-4F9E-99AF-E31AE980A44E}.Debug|Any CPU.Build.0 = Debug|Any CPU
		{D4CEADA0-F8FD-4F9E-99AF-E31AE980A44E}.Release|Any CPU.ActiveCfg = Release|Any CPU
		{D4CEADA0-F8FD-4F9E-99AF-E31AE980A44E}.Release|Any CPU.Build.0 = Release|Any CPU
	EndGlobalSection
	GlobalSection(SolutionProperties) = preSolution
		HideSolutionNode = FALSE
	EndGlobalSection
	GlobalSection(ExtensibilityGlobals) = postSolution
		SolutionGuid = {3FAEE8F5-0057-4A75-9578-01F0AFC8602B}
	EndGlobalSection
EndGlobal
